
Microsoft Visual Studio Solution File, Format Version 12.00
# Visual Studio Version 16
VisualStudioVersion = 16.0.30320.27
MinimumVisualStudioVersion = 10.0.40219.1
Project("{8BC9CEB8-8B4A-11D0-8D11-00A0C91BC942}") = "ES05", "ES05\ES05.vcxproj", "{1BE69009-DA9E-4AF6-8989-89C1A5AF00C1}"
EndProject
Global
	GlobalSection(SolutionConfigurationPlatforms) = preSolution
		Debug|x64 = Debug|x64
		Debug|x86 = Debug|x86
		Release|x64 = Release|x64
		Release|x86 = Release|x86
	EndGlobalSection
	GlobalSection(ProjectConfigurationPlatforms) = postSolution
		{1BE69009-DA9E-4AF6-8989-89C1A5AF00C1}.Debug|x64.ActiveCfg = Debug|x64
		{1BE69009-DA9E-4AF6-8989-89C1A5AF00C1}.Debug|x64.Build.0 = Debug|x64
		{1BE69009-DA9E-4AF6-8989-89C1A5AF00C1}.Debug|x86.ActiveCfg = Debug|Win32
		{1BE69009-DA9E-4AF6-8989-89C1A5AF00C1}.Debug|x86.Build.0 = Debug|Win32
		{1BE69009-DA9E-4AF6-8989-89C1A5AF00C1}.Release|x64.ActiveCfg = Release|x64
		{1BE69009-DA9E-4AF6-8989-89C1A5AF00C1}.Release|x64.Build.0 = Release|x64
		{1BE69009-DA9E-4AF6-8989-89C1A5AF00C1}.Release|x86.ActiveCfg = Release|Win32
		{1BE69009-DA9E-4AF6-8989-89C1A5AF00C1}.Release|x86.Build.0 = Release|Win32
	EndGlobalSection
	GlobalSection(SolutionProperties) = preSolution
		HideSolutionNode = FALSE
	EndGlobalSection
	GlobalSection(ExtensibilityGlobals) = postSolution
		SolutionGuid = {E60FF616-74F5-46B3-B3F1-DC8CEE8B1130}
	EndGlobalSection
EndGlobal
